# This file is autogenerated, do not edit; changes may be undone by the next 'dep ensure'.


[[projects]]
  digest = "1:318f1c959a8a740366fce4b1e1eb2fd914036b4af58fbd0a003349b305f118ad"
  name = "github.com/golang/protobuf"
  packages = ["proto"]
  pruneopts = "UT"
  revision = "c823c79ea1570fb5ff454033735a8e68575d1d0f"
  version = "v1.3.0"

[[projects]]
  digest = "1:582b704bebaa06b48c29b0cec224a6058a09c86883aaddabde889cd1a5f73e1b"
  name = "github.com/google/uuid"
  packages = ["."]
  pruneopts = "UT"
  revision = "0cd6bf5da1e1c83f8b45653022c74f71af0538a4"
  version = "v1.1.1"

[[projects]]
  digest = "1:6a539f22990dee302ae4ce63f29eae68061a546c4f30d75b2c4e7266c5619ce3"
  name = "github.com/inconshreveable/log15"
  packages = ["term"]
  pruneopts = "UT"
  revision = "67afb5ed74ec82fd7ac8f49d27c509ac6f991970"
  version = "v2.14"

[[projects]]
  branch = "master"
  digest = "1:b92fd36eaefd9e743f302e643e271ce92cf5f7b149782a8dced8572828dc0fba"
  name = "github.com/koofr/go-httpclient"
  packages = ["."]
  pruneopts = "UT"
  revision = "03786175608a2f5e76523fc489cad8bee2f20fbc"

[[projects]]
  branch = "master"
  digest = "1:08152bb5750a6a2e81c1ab19b30e94ea816a55a7480b508415070cb30bb14460"
  name = "github.com/koofr/go-koofrclient"
  packages = ["."]
  pruneopts = "UT"
  revision = "7f327592caff2f24d64635e29bf560db6a2e4db5"

[[projects]]
  digest = "1:2fa7b0155cd54479a755c629de26f888a918e13f8857a2c442205d825368e084"
  name = "github.com/mattn/go-colorable"
  packages = ["."]
  pruneopts = "UT"
  revision = "3a70a971f94a22f2fa562ffcc7a0eb45f5daf045"
  version = "v0.1.1"

[[projects]]
  digest = "1:3bb9c8451d199650bfd303e0068d86f135952fead374ad87c09a9b8a2cc4bd7c"
  name = "github.com/mattn/go-isatty"
  packages = ["."]
  pruneopts = "UT"
  revision = "369ecd8cea9851e459abb67eb171853e3986591e"
  version = "v0.0.6"

[[projects]]
  digest = "1:e5d0bd87abc2781d14e274807a470acd180f0499f8bf5bb18606e9ec22ad9de9"
  name = "github.com/pborman/uuid"
  packages = ["."]
  pruneopts = "UT"
  revision = "adf5a7427709b9deb95d29d3fa8a2bf9cfd388f1"
  version = "v1.2"

[[projects]]
  digest = "1:96f564b9915f37a557de0ad249fec173f56bf2ab8060d57b9170fe3262675272"
  name = "github.com/revel/cmd"
  packages = ["."]
  pruneopts = "UT"
  revision = "be7bebd9629a37a51845b37c502a920d324ff867"
  version = "v0.20.2"

[[projects]]
  digest = "1:97be06856202c34527ba0e5dace6696d90b521ace0a1d8fe0000e6cc23203e8b"
  name = "github.com/revel/config"
  packages = ["."]
  pruneopts = "UT"
  revision = "a81c4105c36841d27e529f875b6062da7b8f986c"
  version = "v0.21.0"

[[projects]]
  digest = "1:ad5e66a907bb1fbbca353c08c40a099e96daacc5761f7dc1e3293ab64b2f3d2e"
  name = "github.com/revel/log15"
  packages = ["."]
  pruneopts = "UT"
  revision = "793412a67da6f8d15fede4c38f5c66272478cb8a"
  version = "v2.11.20"

[[projects]]
  digest = "1:04a343093f76d611b8eb5f5fd3d577b894d2907edbe5be8f661f5a65c8dabb78"
  name = "github.com/revel/modules"
  packages = [
    ".",
    "static/app/controllers",
    "static/app/model",
  ]
  pruneopts = "T"
  revision = "6403ed92ef388a1ec746c08db8456397fc0b8f89"
  version = "v0.20.1"

[[projects]]
  branch = "master"
  digest = "1:a0812e773563f2e41afebf582088a86b0f01eb5bd794c19ecc1bce25820b1fa2"
  name = "github.com/revel/pathtree"
  packages = ["."]
  pruneopts = "UT"
  revision = "41257a1839e945fce74afd070e02bab2ea2c776a"

[[projects]]
  digest = "1:bb9dd47ed3ff114d3dd5341629c55b66fb93479ed30ed2569a16c0c3c34ccdd9"
  name = "github.com/revel/revel"
  packages = [
    ".",
    "logger",
    "testing",
  ]
  pruneopts = "UT"
  revision = "fd65ef0defe5fa045524fd3319515793162a3628"
  version = "v0.20.0"

[[projects]]
  digest = "1:ffa6bd15109b4ad04ed01419ca6c0cf6e41afb335d84b68bb1251b24ec2353a2"
  name = "github.com/xeonx/timeago"
  packages = ["."]
  pruneopts = "UT"
  revision = "4e7d8c1f9a433881f64a7f87f51e494186857982"
  version = "v1.0.0-rc4"

[[projects]]
  branch = "master"
  digest = "1:c0943fb749094d1e76272362eb1b18bedafc48f8f47dfdfd0b6c58275437da87"
  name = "golang.org/x/net"
  packages = [
    "context",
    "context/ctxhttp",
    "websocket",
  ]
  pruneopts = "UT"
  revision = "16b79f2e4e95ea23b2bf9903c9809ff7b013ce85"

[[projects]]
  branch = "master"
  digest = "1:037497a2c592b7aa03789f9d6492d02e7d7d166c0e363c95cb53952cf11c7ab0"
  name = "golang.org/x/oauth2"
  packages = [
    ".",
    "internal",
  ]
  pruneopts = "UT"
  revision = "e64efc72b421e893cbf63f17ba2221e7d6d0b0f3"

[[projects]]
  branch = "master"
  digest = "1:1ac73f06b9fb3a62fac8bd63b7312ba35b03301d0ea89ebdac41a5757c54cea4"
  name = "golang.org/x/sys"
  packages = ["unix"]
  pruneopts = "UT"
  revision = "980fc434d28e11f0a5c1ae102a263b8c56641011"

[[projects]]
  digest = "1:6f3bd49ddf2e104e52062774d797714371fac1b8bddfd8e124ce78e6b2264a10"
  name = "google.golang.org/appengine"
  packages = [
    "internal",
    "internal/base",
    "internal/datastore",
    "internal/log",
    "internal/remote_api",
    "internal/urlfetch",
    "urlfetch",
  ]
  pruneopts = "UT"
  revision = "e9657d882bb81064595ca3b56cbe2546bbabf7b1"
  version = "v1.4.0"

[[projects]]
  digest = "1:abeb38ade3f32a92943e5be54f55ed6d6e3b6602761d74b4aab4c9dd45c18abd"
  name = "gopkg.in/fsnotify/fsnotify.v1"
  packages = ["."]
  pruneopts = "UT"
  revision = "c2828203cd70a50dcccfb2761f8b1f8ceef9a8e9"
  version = "v1.4.7"

[[projects]]
  digest = "1:c805e517269b0ba4c21ded5836019ed7d16953d4026cb7d00041d039c7906be9"
  name = "gopkg.in/natefinch/lumberjack.v2"
  packages = ["."]
  pruneopts = "UT"
  revision = "a96e63847dc3c67d17befa69c303767e2f84e54f"
  version = "v2.1"

[[projects]]
  branch = "v0"
  digest = "1:00d2943cfcfbb3dc043f6d8586d0db5a9e8507c36429babe8d5d1af8ee43a753"
  name = "gopkg.in/stack.v0"
  packages = ["."]
  pruneopts = "UT"
  revision = "9b43fcefddd0178abdabf4d484ab0d695d0011db"

[solve-meta]
  analyzer-name = "dep"
  analyzer-version = 1
  input-imports = [
    "github.com/koofr/go-httpclient",
    "github.com/koofr/go-koofrclient",
    "github.com/pborman/uuid",
    "github.com/revel/cmd",
    "github.com/revel/modules",
    "github.com/revel/modules/static/app/controllers",
    "github.com/revel/revel",
    "github.com/revel/revel/testing",
    "golang.org/x/oauth2",
  ]
  solver-name = "gps-cdcl"
  solver-version = 1
